
Microsoft Visual Studio Solution File, Format Version 12.00
# Visual Studio Version 17
VisualStudioVersion = 17.13.36105.23 d17.13
MinimumVisualStudioVersion = 10.0.40219.1
Project("{FAE04EC0-301F-11D3-BF4B-00C04F79EFBC}") = "UrlShorty.Client", "UrlShorty.Client\UrlShorty.Client.csproj", "{20B99934-1E02-4C74-85C5-7F8E25C7F32C}"
EndProject
Project("{FAE04EC0-301F-11D3-BF4B-00C04F79EFBC}") = "UrlShorty.Redirect", "UrlShorty.Redirect\UrlShorty.Redirect.csproj", "{259E1813-629E-49FA-9339-357508C980DC}"
EndProject
Project("{FAE04EC0-301F-11D3-BF4B-00C04F79EFBC}") = "UrlShorty.Data", "UrlShorty.Data\UrlShorty.Data.csproj", "{B32C64C9-B8E0-4C70-8C10-D9C252E0E832}"
EndProject
Global
	GlobalSection(SolutionConfigurationPlatforms) = preSolution
		Debug|Any CPU = Debug|Any CPU
		Release|Any CPU = Release|Any CPU
	EndGlobalSection
	GlobalSection(ProjectConfigurationPlatforms) = postSolution
		{20B99934-1E02-4C74-85C5-7F8E25C7F32C}.Debug|Any CPU.ActiveCfg = Debug|Any CPU
		{20B99934-1E02-4C74-85C5-7F8E25C7F32C}.Debug|Any CPU.Build.0 = Debug|Any CPU
		{20B99934-1E02-4C74-85C5-7F8E25C7F32C}.Release|Any CPU.ActiveCfg = Release|Any CPU
		{20B99934-1E02-4C74-85C5-7F8E25C7F32C}.Release|Any CPU.Build.0 = Release|Any CPU
		{259E1813-629E-49FA-9339-357508C980DC}.Debug|Any CPU.ActiveCfg = Debug|Any CPU
		{259E1813-629E-49FA-9339-357508C980DC}.Debug|Any CPU.Build.0 = Debug|Any CPU
		{259E1813-629E-49FA-9339-357508C980DC}.Release|Any CPU.ActiveCfg = Release|Any CPU
		{259E1813-629E-49FA-9339-357508C980DC}.Release|Any CPU.Build.0 = Release|Any CPU
		{B32C64C9-B8E0-4C70-8C10-D9C252E0E832}.Debug|Any CPU.ActiveCfg = Debug|Any CPU
		{B32C64C9-B8E0-4C70-8C10-D9C252E0E832}.Debug|Any CPU.Build.0 = Debug|Any CPU
		{B32C64C9-B8E0-4C70-8C10-D9C252E0E832}.Release|Any CPU.ActiveCfg = Release|Any CPU
		{B32C64C9-B8E0-4C70-8C10-D9C252E0E832}.Release|Any CPU.Build.0 = Release|Any CPU
	EndGlobalSection
	GlobalSection(SolutionProperties) = preSolution
		HideSolutionNode = FALSE
	EndGlobalSection
	GlobalSection(ExtensibilityGlobals) = postSolution
		SolutionGuid = {229CA723-EFD0-464E-AB5C-58E850E6887D}
	EndGlobalSection
EndGlobal
